{
  "name": "git-hub",
  "lockfileVersion": 3,
  "requires": true,
  "packages": {
    "": {
      "dependencies": {
        "proah": "^1.1.13"
      }
    },
    "node_modules/proah": {
      "version": "1.1.13",
      "resolved": "https://registry.npmjs.org/proah/-/proah-1.1.13.tgz",
      "integrity": "sha512-vSZLHVR1tlIEyH4de7DXg03CDaPd52BmFOGe6/zJOIBhiPBe4kapx1gFlXtnQKzW1ywJn2D5UKygQkcjdvA4SQ==",
      "license": "ISC"
    }
  }
}
